
Microsoft Visual Studio Solution File, Format Version 12.00
# Visual Studio 2012
Project("{FAE04EC0-301F-11D3-BF4B-00C04F79EFBC}") = "ExpressionTrees", "ExpressionTrees\ExpressionTrees.csproj", "{A659FEC1-9902-4446-B1CB-16C17C448C2F}"
EndProject
Project("{FAE04EC0-301F-11D3-BF4B-00C04F79EFBC}") = "UnitTests", "UnitTests\UnitTests.csproj", "{73E916CE-A60C-4FA6-ACCE-3543528ED712}"
EndProject
Global
	GlobalSection(SolutionConfigurationPlatforms) = preSolution
		Debug|Any CPU = Debug|Any CPU
		Release|Any CPU = Release|Any CPU
	EndGlobalSection
	GlobalSection(ProjectConfigurationPlatforms) = postSolution
		{A659FEC1-9902-4446-B1CB-16C17C448C2F}.Debug|Any CPU.ActiveCfg = Debug|Any CPU
		{A659FEC1-9902-4446-B1CB-16C17C448C2F}.Debug|Any CPU.Build.0 = Debug|Any CPU
		{A659FEC1-9902-4446-B1CB-16C17C448C2F}.Release|Any CPU.ActiveCfg = Release|Any CPU
		{A659FEC1-9902-4446-B1CB-16C17C448C2F}.Release|Any CPU.Build.0 = Release|Any CPU
		{73E916CE-A60C-4FA6-ACCE-3543528ED712}.Debug|Any CPU.ActiveCfg = Debug|Any CPU
		{73E916CE-A60C-4FA6-ACCE-3543528ED712}.Debug|Any CPU.Build.0 = Debug|Any CPU
		{73E916CE-A60C-4FA6-ACCE-3543528ED712}.Release|Any CPU.ActiveCfg = Release|Any CPU
		{73E916CE-A60C-4FA6-ACCE-3543528ED712}.Release|Any CPU.Build.0 = Release|Any CPU
	EndGlobalSection
	GlobalSection(SolutionProperties) = preSolution
		HideSolutionNode = FALSE
	EndGlobalSection
EndGlobal
